
Microsoft Visual Studio Solution File, Format Version 12.00
# Visual Studio Version 17
VisualStudioVersion = 17.14.35906.104
MinimumVisualStudioVersion = 10.0.40219.1
Project("{FAE04EC0-301F-11D3-BF4B-00C04F79EFBC}") = "UnifierTSL", "UnifierTSL\UnifierTSL.csproj", "{CBBB0756-A4AB-489E-B0A3-1502E962B678}"
EndProject
Project("{FAE04EC0-301F-11D3-BF4B-00C04F79EFBC}") = "UnifierTSL.ConsoleClient", "UnifierTSL.ConsoleClient\UnifierTSL.ConsoleClient.csproj", "{07A1A27A-DFD8-4FA2-95EB-68AD69291718}"
EndProject
Project("{FAE04EC0-301F-11D3-BF4B-00C04F79EFBC}") = "UnifierTSL.Publisher", "UnifierTSL.Publisher\UnifierTSL.Publisher.csproj", "{AE0334F2-D284-4189-A998-EE1423F07DD3}"
EndProject
Project("{2150E333-8FDC-42A3-9474-1A3956D46DE8}") = "Plugins", "Plugins", "{02EA681E-C7D8-13C7-8484-4AC65E1B71E8}"
EndProject
Project("{FAE04EC0-301F-11D3-BF4B-00C04F79EFBC}") = "ExamplePlugin", "Plugins\ExamplePlugin\ExamplePlugin.csproj", "{E544C650-F2C8-4EC5-9986-875CB6815A53}"
EndProject
Project("{FAE04EC0-301F-11D3-BF4B-00C04F79EFBC}") = "TShockAPI", "Plugins\TShockAPI\TShockAPI.csproj", "{13E2C459-FA2C-40F0-B2B8-416229CD3E6C}"
EndProject
Project("{FAE04EC0-301F-11D3-BF4B-00C04F79EFBC}") = "CommandTeleport", "Plugins\CommandTeleport\CommandTeleport.csproj", "{EA6F2D31-8F6A-53CE-5CA4-F8481CF9FB12}"
EndProject
Global
	GlobalSection(SolutionConfigurationPlatforms) = preSolution
		Debug|Any CPU = Debug|Any CPU
		Release|Any CPU = Release|Any CPU
	EndGlobalSection
	GlobalSection(ProjectConfigurationPlatforms) = postSolution
		{CBBB0756-A4AB-489E-B0A3-1502E962B678}.Debug|Any CPU.ActiveCfg = Debug|Any CPU
		{CBBB0756-A4AB-489E-B0A3-1502E962B678}.Debug|Any CPU.Build.0 = Debug|Any CPU
		{CBBB0756-A4AB-489E-B0A3-1502E962B678}.Release|Any CPU.ActiveCfg = Release|Any CPU
		{CBBB0756-A4AB-489E-B0A3-1502E962B678}.Release|Any CPU.Build.0 = Release|Any CPU
		{07A1A27A-DFD8-4FA2-95EB-68AD69291718}.Debug|Any CPU.ActiveCfg = Debug|Any CPU
		{07A1A27A-DFD8-4FA2-95EB-68AD69291718}.Debug|Any CPU.Build.0 = Debug|Any CPU
		{07A1A27A-DFD8-4FA2-95EB-68AD69291718}.Release|Any CPU.ActiveCfg = Release|Any CPU
		{07A1A27A-DFD8-4FA2-95EB-68AD69291718}.Release|Any CPU.Build.0 = Release|Any CPU
		{AE0334F2-D284-4189-A998-EE1423F07DD3}.Debug|Any CPU.ActiveCfg = Debug|Any CPU
		{AE0334F2-D284-4189-A998-EE1423F07DD3}.Debug|Any CPU.Build.0 = Debug|Any CPU
		{AE0334F2-D284-4189-A998-EE1423F07DD3}.Release|Any CPU.ActiveCfg = Release|Any CPU
		{AE0334F2-D284-4189-A998-EE1423F07DD3}.Release|Any CPU.Build.0 = Release|Any CPU
		{E544C650-F2C8-4EC5-9986-875CB6815A53}.Debug|Any CPU.ActiveCfg = Debug|Any CPU
		{E544C650-F2C8-4EC5-9986-875CB6815A53}.Debug|Any CPU.Build.0 = Debug|Any CPU
		{E544C650-F2C8-4EC5-9986-875CB6815A53}.Release|Any CPU.ActiveCfg = Release|Any CPU
		{E544C650-F2C8-4EC5-9986-875CB6815A53}.Release|Any CPU.Build.0 = Release|Any CPU
		{13E2C459-FA2C-40F0-B2B8-416229CD3E6C}.Debug|Any CPU.ActiveCfg = Debug|Any CPU
		{13E2C459-FA2C-40F0-B2B8-416229CD3E6C}.Debug|Any CPU.Build.0 = Debug|Any CPU
		{13E2C459-FA2C-40F0-B2B8-416229CD3E6C}.Release|Any CPU.ActiveCfg = Release|Any CPU
		{13E2C459-FA2C-40F0-B2B8-416229CD3E6C}.Release|Any CPU.Build.0 = Release|Any CPU
		{EA6F2D31-8F6A-53CE-5CA4-F8481CF9FB12}.Debug|Any CPU.ActiveCfg = Debug|Any CPU
		{EA6F2D31-8F6A-53CE-5CA4-F8481CF9FB12}.Debug|Any CPU.Build.0 = Debug|Any CPU
		{EA6F2D31-8F6A-53CE-5CA4-F8481CF9FB12}.Release|Any CPU.ActiveCfg = Release|Any CPU
		{EA6F2D31-8F6A-53CE-5CA4-F8481CF9FB12}.Release|Any CPU.Build.0 = Release|Any CPU
	EndGlobalSection
	GlobalSection(SolutionProperties) = preSolution
		HideSolutionNode = FALSE
	EndGlobalSection
	GlobalSection(NestedProjects) = preSolution
		{E544C650-F2C8-4EC5-9986-875CB6815A53} = {02EA681E-C7D8-13C7-8484-4AC65E1B71E8}
		{13E2C459-FA2C-40F0-B2B8-416229CD3E6C} = {02EA681E-C7D8-13C7-8484-4AC65E1B71E8}
		{EA6F2D31-8F6A-53CE-5CA4-F8481CF9FB12} = {02EA681E-C7D8-13C7-8484-4AC65E1B71E8}
	EndGlobalSection
	GlobalSection(ExtensibilityGlobals) = postSolution
		SolutionGuid = {5155DB4A-01D5-4819-A6C0-AAB563EC3BE0}
	EndGlobalSection
EndGlobal
